
Microsoft Visual Studio Solution File, Format Version 12.00
# Visual Studio Version 17
VisualStudioVersion = 17.1.32210.238
MinimumVisualStudioVersion = 10.0.40219.1
Project("{FAE04EC0-301F-11D3-BF4B-00C04F79EFBC}") = "Polimorfismo", "Polimorfismo\Polimorfismo.csproj", "{87FF5658-CD28-41DE-829F-A357DAFE24B5}"
EndProject
Global
	GlobalSection(SolutionConfigurationPlatforms) = preSolution
		Debug|Any CPU = Debug|Any CPU
		Release|Any CPU = Release|Any CPU
	EndGlobalSection
	GlobalSection(ProjectConfigurationPlatforms) = postSolution
		{87FF5658-CD28-41DE-829F-A357DAFE24B5}.Debug|Any CPU.ActiveCfg = Debug|Any CPU
		{87FF5658-CD28-41DE-829F-A357DAFE24B5}.Debug|Any CPU.Build.0 = Debug|Any CPU
		{87FF5658-CD28-41DE-829F-A357DAFE24B5}.Release|Any CPU.ActiveCfg = Release|Any CPU
		{87FF5658-CD28-41DE-829F-A357DAFE24B5}.Release|Any CPU.Build.0 = Release|Any CPU
	EndGlobalSection
	GlobalSection(SolutionProperties) = preSolution
		HideSolutionNode = FALSE
	EndGlobalSection
	GlobalSection(ExtensibilityGlobals) = postSolution
		SolutionGuid = {8F7AE36A-6DB4-4DE0-87A1-04A853D42752}
	EndGlobalSection
EndGlobal
